
Microsoft Visual Studio Solution File, Format Version 12.00
# Visual Studio Version 16
VisualStudioVersion = 16.0.30621.155
MinimumVisualStudioVersion = 10.0.40219.1
Project("{FAE04EC0-301F-11D3-BF4B-00C04F79EFBC}") = "FargoParcelServiceTest1", "FargoParcelServiceTest1.csproj", "{BC77E7C9-B94C-4B36-98B2-52AFE63D39EA}"
EndProject
Global
	GlobalSection(SolutionConfigurationPlatforms) = preSolution
		Debug|Any CPU = Debug|Any CPU
		Release|Any CPU = Release|Any CPU
	EndGlobalSection
	GlobalSection(ProjectConfigurationPlatforms) = postSolution
		{BC77E7C9-B94C-4B36-98B2-52AFE63D39EA}.Debug|Any CPU.ActiveCfg = Debug|Any CPU
		{BC77E7C9-B94C-4B36-98B2-52AFE63D39EA}.Debug|Any CPU.Build.0 = Debug|Any CPU
		{BC77E7C9-B94C-4B36-98B2-52AFE63D39EA}.Release|Any CPU.ActiveCfg = Release|Any CPU
		{BC77E7C9-B94C-4B36-98B2-52AFE63D39EA}.Release|Any CPU.Build.0 = Release|Any CPU
	EndGlobalSection
	GlobalSection(SolutionProperties) = preSolution
		HideSolutionNode = FALSE
	EndGlobalSection
	GlobalSection(ExtensibilityGlobals) = postSolution
		SolutionGuid = {CF131452-6A43-4B0C-94BA-654D983B3874}
	EndGlobalSection
EndGlobal
